// !$*UTF8*$!
{
	archiveVersion = 1;
	classes = {
	};
	objectVersion = 50;
	objects = {

/* Begin PBXBuildFile section */
		94C144C92692B2C600080465 /* Life-Counter-App.swift in Sources */ = {isa = PBXBuildFile; fileRef = 94C144B62692B2C100080465 /* Life-Counter-App.swift */; };
		94C144CA2692B2C600080465 /* Life-Counter-App.swift in Sources */ = {isa = PBXBuildFile; fileRef = 94C144B62692B2C100080465 /* Life-Counter-App.swift */; };
		94C144CB2692B2C600080465 /* ContentView.swift in Sources */ = {isa = PBXBuildFile; fileRef = 94C144B72692B2C100080465 /* ContentView.swift */; };
		94C144CC2692B2C600080465 /* ContentView.swift in Sources */ = {isa = PBXBuildFile; fileRef = 94C144B72692B2C100080465 /* ContentView.swift */; };
		94C144CD2692B2C600080465 /* Assets.xcassets in Resources */ = {isa = PBXBuildFile; fileRef = 94C144B82692B2C600080465 /* Assets.xcassets */; };
		94C144CE2692B2C600080465 /* Assets.xcassets in Resources */ = {isa = PBXBuildFile; fileRef = 94C144B82692B2C600080465 /* Assets.xcassets */; };
/* End PBXBuildFile section */

/* Begin PBXFileReference section */
		94C144B62692B2C100080465 /* Life-Counter-App.swift */ = {isa = PBXFileReference; lastKnownFileType = sourcecode.swift; path = "Life-Counter-App.swift"; sourceTree = "<group>"; };
		94C144B72692B2C100080465 /* ContentView.swift */ = {isa = PBXFileReference; lastKnownFileType = sourcecode.swift; path = ContentView.swift; sourceTree = "<group>"; };
		94C144B82692B2C600080465 /* Assets.xcassets */ = {isa = PBXFileReference; lastKnownFileType = folder.assetcatalog; path = Assets.xcassets; sourceTree = "<group>"; };
		94C144BD2692B2C600080465 /* mtglifetotal.app */ = {isa = PBXFileReference; explicitFileType = wrapper.application; includeInIndex = 0; path = mtglifetotal.app; sourceTree = BUILT_PRODUCTS_DIR; };
		94C144C02692B2C600080465 /* Info.plist */ = {isa = PBXFileReference; lastKnownFileType = text.plist.xml; path = Info.plist; sourceTree = "<group>"; };
		94C144C52692B2C600080465 /* mtglifetotal.app */ = {isa = PBXFileReference; explicitFileType = wrapper.application; includeInIndex = 0; path = mtglifetotal.app; sourceTree = BUILT_PRODUCTS_DIR; };
		94C144C72692B2C600080465 /* Info.plist */ = {isa = PBXFileReference; lastKnownFileType = text.plist.xml; path = Info.plist; sourceTree = "<group>"; };
		94C144C82692B2C600080465 /* macOS.entitlements */ = {isa = PBXFileReference; lastKnownFileType = text.plist.entitlements; path = macOS.entitlements; sourceTree = "<group>"; };
/* End PBXFileReference section */

/* Begin PBXFrameworksBuildPhase section */
		94C144BA2692B2C600080465 /* Frameworks */ = {
			isa = PBXFrameworksBuildPhase;
			buildActionMask = 2147483647;
			files = (
			);
			runOnlyForDeploymentPostprocessing = 0;
		};
		94C144C22692B2C600080465 /* Frameworks */ = {
			isa = PBXFrameworksBuildPhase;
			buildActionMask = 2147483647;
			files = (
			);
			runOnlyForDeploymentPostprocessing = 0;
		};
/* End PBXFrameworksBuildPhase section */

/* Begin PBXGroup section */
		94C144B02692B2C100080465 = {
			isa = PBXGroup;
			children = (
				94C144B52692B2C100080465 /* Shared */,
				94C144BF2692B2C600080465 /* iOS */,
				94C144C62692B2C600080465 /* macOS */,
				94C144BE2692B2C600080465 /* Products */,
			);
			sourceTree = "<group>";
		};
		94C144B52692B2C100080465 /* Shared */ = {
			isa = PBXGroup;
			children = (
				94C144B62692B2C100080465 /* Life-Counter-App.swift */,
				94C144B72692B2C100080465 /* ContentView.swift */,
				94C144B82692B2C600080465 /* Assets.xcassets */,
			);
			path = Shared;
			sourceTree = "<group>";
		};
		94C144BE2692B2C600080465 /* Products */ = {
			isa = PBXGroup;
			children = (
				94C144BD2692B2C600080465 /* mtglifetotal.app */,
				94C144C52692B2C600080465 /* mtglifetotal.app */,
			);
			name = Products;
			sourceTree = "<group>";
		};
		94C144BF2692B2C600080465 /* iOS */ = {
			isa = PBXGroup;
			children = (
				94C144C02692B2C600080465 /* Info.plist */,
			);
			path = iOS;
			sourceTree = "<group>";
		};
		94C144C62692B2C600080465 /* macOS */ = {
			isa = PBXGroup;
			children = (
				94C144C72692B2C600080465 /* Info.plist */,
				94C144C82692B2C600080465 /* macOS.entitlements */,
			);
			path = macOS;
			sourceTree = "<group>";
		};
/* End PBXGroup section */

/* Begin PBXNativeTarget section */
		94C144BC2692B2C600080465 /* Life-Counter-App (iOS) */ = {
			isa = PBXNativeTarget;
			buildConfigurationList = 94C144D12692B2C600080465 /* Build configuration list for PBXNativeTarget "Life-Counter-App (iOS)" */;
			buildPhases = (
				94C144B92692B2C600080465 /* Sources */,
				94C144BA2692B2C600080465 /* Frameworks */,
				94C144BB2692B2C600080465 /* Resources */,
			);
			buildRules = (
			);
			dependencies = (
			);
			name = "Life-Counter-App (iOS)";
			productName = "mtglifetotal (iOS)";
			productReference = 94C144BD2692B2C600080465 /* mtglifetotal.app */;
			productType = "com.apple.product-type.application";
		};
		94C144C42692B2C600080465 /* Life-Counter-App (macOS) */ = {
			isa = PBXNativeTarget;
			buildConfigurationList = 94C144D42692B2C600080465 /* Build configuration list for PBXNativeTarget "Life-Counter-App (macOS)" */;
			buildPhases = (
				94C144C12692B2C600080465 /* Sources */,
				94C144C22692B2C600080465 /* Frameworks */,
				94C144C32692B2C600080465 /* Resources */,
			);
			buildRules = (
			);
			dependencies = (
			);
			name = "Life-Counter-App (macOS)";
			productName = "mtglifetotal (macOS)";
			productReference = 94C144C52692B2C600080465 /* mtglifetotal.app */;
			productType = "com.apple.product-type.application";
		};
/* End PBXNativeTarget section */

/* Begin PBXProject section */
		94C144B12692B2C100080465 /* Project object */ = {
			isa = PBXProject;
			attributes = {
				LastSwiftUpdateCheck = 1250;
				LastUpgradeCheck = 1250;
				TargetAttributes = {
					94C144BC2692B2C600080465 = {
						CreatedOnToolsVersion = 12.5.1;
					};
					94C144C42692B2C600080465 = {
						CreatedOnToolsVersion = 12.5.1;
					};
				};
			};
			buildConfigurationList = 94C144B42692B2C100080465 /* Build configuration list for PBXProject "Life-Counter-App" */;
			compatibilityVersion = "Xcode 9.3";
			developmentRegion = en;
			hasScannedForEncodings = 0;
			knownRegions = (
				en,
				Base,
			);
			mainGroup = 94C144B02692B2C100080465;
			productRefGroup = 94C144BE2692B2C600080465 /* Products */;
			projectDirPath = "";
			projectRoot = "";
			targets = (
				94C144BC2692B2C600080465 /* Life-Counter-App (iOS) */,
				94C144C42692B2C600080465 /* Life-Counter-App (macOS) */,
			);
		};
/* End PBXProject section */

/* Begin PBXResourcesBuildPhase section */
		94C144BB2692B2C600080465 /* Resources */ = {
			isa = PBXResourcesBuildPhase;
			buildActionMask = 2147483647;
			files = (
				94C144CD2692B2C600080465 /* Assets.xcassets in Resources */,
			);
			runOnlyForDeploymentPostprocessing = 0;
		};
		94C144C32692B2C600080465 /* Resources */ = {
			isa = PBXResourcesBuildPhase;
			buildActionMask = 2147483647;
			files = (
				94C144CE2692B2C600080465 /* Assets.xcassets in Resources */,
			);
			runOnlyForDeploymentPostprocessing = 0;
		};
/* End PBXResourcesBuildPhase section */

/* Begin PBXSourcesBuildPhase section */
		94C144B92692B2C600080465 /* Sources */ = {
			isa = PBXSourcesBuildPhase;
			buildActionMask = 2147483647;
			files = (
				94C144CB2692B2C600080465 /* ContentView.swift in Sources */,
				94C144C92692B2C600080465 /* Life-Counter-App.swift in Sources */,
			);
			runOnlyForDeploymentPostprocessing = 0;
		};
		94C144C12692B2C600080465 /* Sources */ = {
			isa = PBXSourcesBuildPhase;
			buildActionMask = 2147483647;
			files = (
				94C144CC2692B2C600080465 /* ContentView.swift in Sources */,
				94C144CA2692B2C600080465 /* Life-Counter-App.swift in Sources */,
			);
			runOnlyForDeploymentPostprocessing = 0;
		};
/* End PBXSourcesBuildPhase section */

/* Begin XCBuildConfiguration section */
		94C144CF2692B2C600080465 /* Debug */ = {
			isa = XCBuildConfiguration;
			buildSettings = {
				ALWAYS_SEARCH_USER_PATHS = NO;
				CLANG_ANALYZER_NONNULL = YES;
				CLANG_ANALYZER_NUMBER_OBJECT_CONVERSION = YES_AGGRESSIVE;
				CLANG_CXX_LANGUAGE_STANDARD = "gnu++14";
				CLANG_CXX_LIBRARY = "libc++";
				CLANG_ENABLE_MODULES = YES;
				CLANG_ENABLE_OBJC_ARC = YES;
				CLANG_ENABLE_OBJC_WEAK = YES;
				CLANG_WARN_BLOCK_CAPTURE_AUTORELEASING = YES;
				CLANG_WARN_BOOL_CONVERSION = YES;
				CLANG_WARN_COMMA = YES;
				CLANG_WARN_CONSTANT_CONVERSION = YES;
				CLANG_WARN_DEPRECATED_OBJC_IMPLEMENTATIONS = YES;
				CLANG_WARN_DIRECT_OBJC_ISA_USAGE = YES_ERROR;
				CLANG_WARN_DOCUMENTATION_COMMENTS = YES;
				CLANG_WARN_EMPTY_BODY = YES;
				CLANG_WARN_ENUM_CONVERSION = YES;
				CLANG_WARN_INFINITE_RECURSION = YES;
				CLANG_WARN_INT_CONVERSION = YES;
				CLANG_WARN_NON_LITERAL_NULL_CONVERSION = YES;
				CLANG_WARN_OBJC_IMPLICIT_RETAIN_SELF = YES;
				CLANG_WARN_OBJC_LITERAL_CONVERSION = YES;
				CLANG_WARN_OBJC_ROOT_CLASS = YES_ERROR;
				CLANG_WARN_QUOTED_INCLUDE_IN_FRAMEWORK_HEADER = YES;
				CLANG_WARN_RANGE_LOOP_ANALYSIS = YES;
				CLANG_WARN_STRICT_PROTOTYPES = YES;
				CLANG_WARN_SUSPICIOUS_MOVE = YES;
				CLANG_WARN_UNGUARDED_AVAILABILITY = YES_AGGRESSIVE;
				CLANG_WARN_UNREACHABLE_CODE = YES;
				CLANG_WARN__DUPLICATE_METHOD_MATCH = YES;
				COPY_PHASE_STRIP = NO;
				DEBUG_INFORMATION_FORMAT = dwarf;
				ENABLE_STRICT_OBJC_MSGSEND = YES;
				ENABLE_TESTABILITY = YES;
				GCC_C_LANGUAGE_STANDARD = gnu11;
				GCC_DYNAMIC_NO_PIC = NO;
				GCC_NO_COMMON_BLOCKS = YES;
				GCC_OPTIMIZATION_LEVEL = 0;
				GCC_PREPROCESSOR_DEFINITIONS = (
					"DEBUG=1",
					"$(inherited)",
				);
				GCC_WARN_64_TO_32_BIT_CONVERSION = YES;
				GCC_WARN_ABOUT_RETURN_TYPE = YES_ERROR;
				GCC_WARN_UNDECLARED_SELECTOR = YES;
				GCC_WARN_UNINITIALIZED_AUTOS = YES_AGGRESSIVE;
				GCC_WARN_UNUSED_FUNCTION = YES;
				GCC_WARN_UNUSED_VARIABLE = YES;
				MTL_ENABLE_DEBUG_INFO = INCLUDE_SOURCE;
				MTL_FAST_MATH = YES;
				ONLY_ACTIVE_ARCH = YES;
				SWIFT_ACTIVE_COMPILATION_CONDITIONS = DEBUG;
				SWIFT_OPTIMIZATION_LEVEL = "-Onone";
			};
			name = Debug;
		};
		94C144D02692B2C600080465 /* Release */ = {
			isa = XCBuildConfiguration;
			buildSettings = {
				ALWAYS_SEARCH_USER_PATHS = NO;
				CLANG_ANALYZER_NONNULL = YES;
				CLANG_ANALYZER_NUMBER_OBJECT_CONVERSION = YES_AGGRESSIVE;
				CLANG_CXX_LANGUAGE_STANDARD = "gnu++14";
				CLANG_CXX_LIBRARY = "libc++";
				CLANG_ENABLE_MODULES = YES;
				CLANG_ENABLE_OBJC_ARC = YES;
				CLANG_ENABLE_OBJC_WEAK = YES;
				CLANG_WARN_BLOCK_CAPTURE_AUTORELEASING = YES;
				CLANG_WARN_BOOL_CONVERSION = YES;
				CLANG_WARN_COMMA = YES;
				CLANG_WARN_CONSTANT_CONVERSION = YES;
				CLANG_WARN_DEPRECATED_OBJC_IMPLEMENTATIONS = YES;
				CLANG_WARN_DIRECT_OBJC_ISA_USAGE = YES_ERROR;
				CLANG_WARN_DOCUMENTATION_COMMENTS = YES;
				CLANG_WARN_EMPTY_BODY = YES;
				CLANG_WARN_ENUM_CONVERSION = YES;
				CLANG_WARN_INFINITE_RECURSION = YES;
				CLANG_WARN_INT_CONVERSION = YES;
				CLANG_WARN_NON_LITERAL_NULL_CONVERSION = YES;
				CLANG_WARN_OBJC_IMPLICIT_RETAIN_SELF = YES;
				CLANG_WARN_OBJC_LITERAL_CONVERSION = YES;
				CLANG_WARN_OBJC_ROOT_CLASS = YES_ERROR;
				CLANG_WARN_QUOTED_INCLUDE_IN_FRAMEWORK_HEADER = YES;
				CLANG_WARN_RANGE_LOOP_ANALYSIS = YES;
				CLANG_WARN_STRICT_PROTOTYPES = YES;
				CLANG_WARN_SUSPICIOUS_MOVE = YES;
				CLANG_WARN_UNGUARDED_AVAILABILITY = YES_AGGRESSIVE;
				CLANG_WARN_UNREACHABLE_CODE = YES;
				CLANG_WARN__DUPLICATE_METHOD_MATCH = YES;
				COPY_PHASE_STRIP = NO;
				DEBUG_INFORMATION_FORMAT = "dwarf-with-dsym";
				ENABLE_NS_ASSERTIONS = NO;
				ENABLE_STRICT_OBJC_MSGSEND = YES;
				GCC_C_LANGUAGE_STANDARD = gnu11;
				GCC_NO_COMMON_BLOCKS = YES;
				GCC_WARN_64_TO_32_BIT_CONVERSION = YES;
				GCC_WARN_ABOUT_RETURN_TYPE = YES_ERROR;
				GCC_WARN_UNDECLARED_SELECTOR = YES;
				GCC_WARN_UNINITIALIZED_AUTOS = YES_AGGRESSIVE;
				GCC_WARN_UNUSED_FUNCTION = YES;
				GCC_WARN_UNUSED_VARIABLE = YES;
				MTL_ENABLE_DEBUG_INFO = NO;
				MTL_FAST_MATH = YES;
				SWIFT_COMPILATION_MODE = wholemodule;
				SWIFT_OPTIMIZATION_LEVEL = "-O";
			};
			name = Release;
		};
		94C144D22692B2C600080465 /* Debug */ = {
			isa = XCBuildConfiguration;
			buildSettings = {
				ASSETCATALOG_COMPILER_APPICON_NAME = AppIcon;
				ASSETCATALOG_COMPILER_GLOBAL_ACCENT_COLOR_NAME = AccentColor;
				CODE_SIGN_STYLE = Automatic;
				DEVELOPMENT_TEAM = V8JV2UTZBR;
				ENABLE_PREVIEWS = YES;
				INFOPLIST_FILE = iOS/Info.plist;
				IPHONEOS_DEPLOYMENT_TARGET = 14.0;
				LD_RUNPATH_SEARCH_PATHS = (
					"$(inherited)",
					"@executable_path/Frameworks",
				);
				PRODUCT_BUNDLE_IDENTIFIER = com.vakhshoori.mtglifetotal;
				PRODUCT_NAME = mtglifetotal;
				SDKROOT = iphoneos;
				SWIFT_VERSION = 5.0;
				TARGETED_DEVICE_FAMILY = "1,2";
			};
			name = Debug;
		};
		94C144D32692B2C600080465 /* Release */ = {
			isa = XCBuildConfiguration;
			buildSettings = {
				ASSETCATALOG_COMPILER_APPICON_NAME = AppIcon;
				ASSETCATALOG_COMPILER_GLOBAL_ACCENT_COLOR_NAME = AccentColor;
				CODE_SIGN_STYLE = Automatic;
				DEVELOPMENT_TEAM = V8JV2UTZBR;
				ENABLE_PREVIEWS = YES;
				INFOPLIST_FILE = iOS/Info.plist;
				IPHONEOS_DEPLOYMENT_TARGET = 14.0;
				LD_RUNPATH_SEARCH_PATHS = (
					"$(inherited)",
					"@executable_path/Frameworks",
				);
				PRODUCT_BUNDLE_IDENTIFIER = com.vakhshoori.mtglifetotal;
				PRODUCT_NAME = mtglifetotal;
				SDKROOT = iphoneos;
				SWIFT_VERSION = 5.0;
				TARGETED_DEVICE_FAMILY = "1,2";
				VALIDATE_PRODUCT = YES;
			};
			name = Release;
		};
		94C144D52692B2C600080465 /* Debug */ = {
			isa = XCBuildConfiguration;
			buildSettings = {
				ASSETCATALOG_COMPILER_APPICON_NAME = AppIcon;
				ASSETCATALOG_COMPILER_GLOBAL_ACCENT_COLOR_NAME = AccentColor;
				CODE_SIGN_ENTITLEMENTS = macOS/macOS.entitlements;
				CODE_SIGN_STYLE = Automatic;
				COMBINE_HIDPI_IMAGES = YES;
				ENABLE_PREVIEWS = YES;
				INFOPLIST_FILE = macOS/Info.plist;
				LD_RUNPATH_SEARCH_PATHS = (
					"$(inherited)",
					"@executable_path/../Frameworks",
				);
				MACOSX_DEPLOYMENT_TARGET = 11.0;
				PRODUCT_BUNDLE_IDENTIFIER = com.vakhshoori.mtglifetotal;
				PRODUCT_NAME = mtglifetotal;
				SDKROOT = macosx;
				SWIFT_VERSION = 5.0;
			};
			name = Debug;
		};
		94C144D62692B2C600080465 /* Release */ = {
			isa = XCBuildConfiguration;
			buildSettings = {
				ASSETCATALOG_COMPILER_APPICON_NAME = AppIcon;
				ASSETCATALOG_COMPILER_GLOBAL_ACCENT_COLOR_NAME = AccentColor;
				CODE_SIGN_ENTITLEMENTS = macOS/macOS.entitlements;
				CODE_SIGN_STYLE = Automatic;
				COMBINE_HIDPI_IMAGES = YES;
				ENABLE_PREVIEWS = YES;
				INFOPLIST_FILE = macOS/Info.plist;
				LD_RUNPATH_SEARCH_PATHS = (
					"$(inherited)",
					"@executable_path/../Frameworks",
				);
				MACOSX_DEPLOYMENT_TARGET = 11.0;
				PRODUCT_BUNDLE_IDENTIFIER = com.vakhshoori.mtglifetotal;
				PRODUCT_NAME = mtglifetotal;
				SDKROOT = macosx;
				SWIFT_VERSION = 5.0;
			};
			name = Release;
		};
/* End XCBuildConfiguration section */

/* Begin XCConfigurationList section */
		94C144B42692B2C100080465 /* Build configuration list for PBXProject "Life-Counter-App" */ = {
			isa = XCConfigurationList;
			buildConfigurations = (
				94C144CF2692B2C600080465 /* Debug */,
				94C144D02692B2C600080465 /* Release */,
			);
			defaultConfigurationIsVisible = 0;
			defaultConfigurationName = Release;
		};
		94C144D12692B2C600080465 /* Build configuration list for PBXNativeTarget "Life-Counter-App (iOS)" */ = {
			isa = XCConfigurationList;
			buildConfigurations = (
				94C144D22692B2C600080465 /* Debug */,
				94C144D32692B2C600080465 /* Release */,
			);
			defaultConfigurationIsVisible = 0;
			defaultConfigurationName = Release;
		};
		94C144D42692B2C600080465 /* Build configuration list for PBXNativeTarget "Life-Counter-App (macOS)" */ = {
			isa = XCConfigurationList;
			buildConfigurations = (
				94C144D52692B2C600080465 /* Debug */,
				94C144D62692B2C600080465 /* Release */,
			);
			defaultConfigurationIsVisible = 0;
			defaultConfigurationName = Release;
		};
/* End XCConfigurationList section */
	};
	rootObject = 94C144B12692B2C100080465 /* Project object */;
}
